// !$*UTF8*$!
{
	archiveVersion = 1;
	classes = {
	};
	objectVersion = 46;
	objects = {

/* Begin PBXBuildFile section */
		8E41AA0119EC554200494051 /* AppDelegate.swift in Sources */ = {isa = PBXBuildFile; fileRef = 8E41AA0019EC554200494051 /* AppDelegate.swift */; };
		8E41AA0319EC554200494051 /* QuizViewController.swift in Sources */ = {isa = PBXBuildFile; fileRef = 8E41AA0219EC554200494051 /* QuizViewController.swift */; };
		8E41AA0619EC554200494051 /* Main.storyboard in Resources */ = {isa = PBXBuildFile; fileRef = 8E41AA0419EC554200494051 /* Main.storyboard */; };
		8E41AA0819EC554200494051 /* Images.xcassets in Resources */ = {isa = PBXBuildFile; fileRef = 8E41AA0719EC554200494051 /* Images.xcassets */; };
		8E41AA0B19EC554200494051 /* LaunchScreen.xib in Resources */ = {isa = PBXBuildFile; fileRef = 8E41AA0919EC554200494051 /* LaunchScreen.xib */; };
		8E41AA1719EC554200494051 /* PM1Tests.swift in Sources */ = {isa = PBXBuildFile; fileRef = 8E41AA1619EC554200494051 /* PM1Tests.swift */; };
		8E6D7FD519ED75F400ECA98C /* questionList.txt in Resources */ = {isa = PBXBuildFile; fileRef = 8E6D7FD419ED75F400ECA98C /* questionList.txt */; };
		8E6D7FD919ED921000ECA98C /* ScoreViewController.swift in Sources */ = {isa = PBXBuildFile; fileRef = 8E6D7FD819ED921000ECA98C /* ScoreViewController.swift */; };
		8E6D7FE119ED9C4700ECA98C /* BFF.png in Resources */ = {isa = PBXBuildFile; fileRef = 8E6D7FDA19ED9C4700ECA98C /* BFF.png */; };
		8E6D7FE219ED9C4700ECA98C /* dagehtnochwas.png in Resources */ = {isa = PBXBuildFile; fileRef = 8E6D7FDB19ED9C4700ECA98C /* dagehtnochwas.png */; };
		8E6D7FE419ED9C4700ECA98C /* nicht_schlecht.png in Resources */ = {isa = PBXBuildFile; fileRef = 8E6D7FDD19ED9C4700ECA98C /* nicht_schlecht.png */; };
		8E6D7FE519ED9C4700ECA98C /* pfui.png in Resources */ = {isa = PBXBuildFile; fileRef = 8E6D7FDE19ED9C4700ECA98C /* pfui.png */; };
		8E6D7FE619ED9C4700ECA98C /* seelenverwandt.png in Resources */ = {isa = PBXBuildFile; fileRef = 8E6D7FDF19ED9C4700ECA98C /* seelenverwandt.png */; };
		8E6D7FE719ED9C4700ECA98C /* unsterblicheliebe.png in Resources */ = {isa = PBXBuildFile; fileRef = 8E6D7FE019ED9C4700ECA98C /* unsterblicheliebe.png */; };
		8E6D7FED19EDA0C200ECA98C /* logoquer58x58.png in Resources */ = {isa = PBXBuildFile; fileRef = 8E6D7FE819EDA0C200ECA98C /* logoquer58x58.png */; };
		8E6D7FEE19EDA0C200ECA98C /* logoquer80x80.png in Resources */ = {isa = PBXBuildFile; fileRef = 8E6D7FE919EDA0C200ECA98C /* logoquer80x80.png */; };
		8E6D7FEF19EDA0C200ECA98C /* logoquer87x87.png in Resources */ = {isa = PBXBuildFile; fileRef = 8E6D7FEA19EDA0C200ECA98C /* logoquer87x87.png */; };
		8E6D7FF019EDA0C200ECA98C /* logoquer120x120.png in Resources */ = {isa = PBXBuildFile; fileRef = 8E6D7FEB19EDA0C200ECA98C /* logoquer120x120.png */; };
		8E6D7FF119EDA0C200ECA98C /* logoquer180x180.png in Resources */ = {isa = PBXBuildFile; fileRef = 8E6D7FEC19EDA0C200ECA98C /* logoquer180x180.png */; };
		8E907B7119F00CA400D0CBA8 /* QuizScene.swift in Sources */ = {isa = PBXBuildFile; fileRef = 8E907B7019F00CA400D0CBA8 /* QuizScene.swift */; };
		8E907B7319F0108200D0CBA8 /* Timer.swift in Sources */ = {isa = PBXBuildFile; fileRef = 8E907B7219F0108200D0CBA8 /* Timer.swift */; };
		8E907B7519F016AC00D0CBA8 /* categoryList.txt in Resources */ = {isa = PBXBuildFile; fileRef = 8E907B7419F016AC00D0CBA8 /* categoryList.txt */; };
		8EA8E97E19ED3A300078B23F /* Question.swift in Sources */ = {isa = PBXBuildFile; fileRef = 8EA8E97D19ED3A300078B23F /* Question.swift */; };
		8EAB682319EEDB3800232C2B /* kategorie_freundebuch.png in Resources */ = {isa = PBXBuildFile; fileRef = 8EAB681E19EEDB3800232C2B /* kategorie_freundebuch.png */; };
		8EAB682419EEDB3800232C2B /* kategorie_liebesex.png in Resources */ = {isa = PBXBuildFile; fileRef = 8EAB681F19EEDB3800232C2B /* kategorie_liebesex.png */; };
		8EAB682519EEDB3800232C2B /* kategorie_lifestyle.png in Resources */ = {isa = PBXBuildFile; fileRef = 8EAB682019EEDB3800232C2B /* kategorie_lifestyle.png */; };
		8EAB682619EEDB3800232C2B /* kategorie_unsinn.png in Resources */ = {isa = PBXBuildFile; fileRef = 8EAB682119EEDB3800232C2B /* kategorie_unsinn.png */; };
		8EAB682719EEDB3800232C2B /* kategorie_weltweit.png in Resources */ = {isa = PBXBuildFile; fileRef = 8EAB682219EEDB3800232C2B /* kategorie_weltweit.png */; };
		8EC010431A2397C600D26EAC /* Category.swift in Sources */ = {isa = PBXBuildFile; fileRef = 8EC010421A2397C600D26EAC /* Category.swift */; };
		8ECC5A5319EFE642007AF135 /* ImpressumViewController.swift in Sources */ = {isa = PBXBuildFile; fileRef = 8ECC5A5219EFE642007AF135 /* ImpressumViewController.swift */; };
		8ECC5A5519EFF9D6007AF135 /* MainViewController.swift in Sources */ = {isa = PBXBuildFile; fileRef = 8ECC5A5419EFF9D6007AF135 /* MainViewController.swift */; };
		8ECC5A5819EFFCAE007AF135 /* anleitung.txt in Resources */ = {isa = PBXBuildFile; fileRef = 8ECC5A5619EFFCAE007AF135 /* anleitung.txt */; };
		8ECC5A5919EFFCAE007AF135 /* impressum.txt in Resources */ = {isa = PBXBuildFile; fileRef = 8ECC5A5719EFFCAE007AF135 /* impressum.txt */; };
		8ECC5A5B19EFFD0B007AF135 /* AnleitungViewController.swift in Sources */ = {isa = PBXBuildFile; fileRef = 8ECC5A5A19EFFD0B007AF135 /* AnleitungViewController.swift */; };
		8ED9B28D19ED2F6B00AAA7FE /* Quiz.swift in Sources */ = {isa = PBXBuildFile; fileRef = 8ED9B28C19ED2F6B00AAA7FE /* Quiz.swift */; };
/* End PBXBuildFile section */

/* Begin PBXContainerItemProxy section */
		8E41AA1119EC554200494051 /* PBXContainerItemProxy */ = {
			isa = PBXContainerItemProxy;
			containerPortal = 8E41A9F319EC554100494051 /* Project object */;
			proxyType = 1;
			remoteGlobalIDString = 8E41A9FA19EC554100494051;
			remoteInfo = PM1;
		};
/* End PBXContainerItemProxy section */

/* Begin PBXFileReference section */
		8E41A9FB19EC554200494051 /* PM1.app */ = {isa = PBXFileReference; explicitFileType = wrapper.application; includeInIndex = 0; path = PM1.app; sourceTree = BUILT_PRODUCTS_DIR; };
		8E41A9FF19EC554200494051 /* Info.plist */ = {isa = PBXFileReference; lastKnownFileType = text.plist.xml; path = Info.plist; sourceTree = "<group>"; };
		8E41AA0019EC554200494051 /* AppDelegate.swift */ = {isa = PBXFileReference; lastKnownFileType = sourcecode.swift; path = AppDelegate.swift; sourceTree = "<group>"; };
		8E41AA0219EC554200494051 /* QuizViewController.swift */ = {isa = PBXFileReference; lastKnownFileType = sourcecode.swift; path = QuizViewController.swift; sourceTree = "<group>"; };
		8E41AA0519EC554200494051 /* Base */ = {isa = PBXFileReference; lastKnownFileType = file.storyboard; name = Base; path = Base.lproj/Main.storyboard; sourceTree = "<group>"; };
		8E41AA0719EC554200494051 /* Images.xcassets */ = {isa = PBXFileReference; lastKnownFileType = folder.assetcatalog; path = Images.xcassets; sourceTree = "<group>"; };
		8E41AA0A19EC554200494051 /* Base */ = {isa = PBXFileReference; lastKnownFileType = file.xib; name = Base; path = Base.lproj/LaunchScreen.xib; sourceTree = "<group>"; };
		8E41AA1019EC554200494051 /* PM1Tests.xctest */ = {isa = PBXFileReference; explicitFileType = wrapper.cfbundle; includeInIndex = 0; path = PM1Tests.xctest; sourceTree = BUILT_PRODUCTS_DIR; };
		8E41AA1519EC554200494051 /* Info.plist */ = {isa = PBXFileReference; lastKnownFileType = text.plist.xml; path = Info.plist; sourceTree = "<group>"; };
		8E41AA1619EC554200494051 /* PM1Tests.swift */ = {isa = PBXFileReference; lastKnownFileType = sourcecode.swift; path = PM1Tests.swift; sourceTree = "<group>"; };
		8E6D7FD419ED75F400ECA98C /* questionList.txt */ = {isa = PBXFileReference; fileEncoding = 4; lastKnownFileType = text; path = questionList.txt; sourceTree = "<group>"; };
		8E6D7FD819ED921000ECA98C /* ScoreViewController.swift */ = {isa = PBXFileReference; fileEncoding = 4; lastKnownFileType = sourcecode.swift; path = ScoreViewController.swift; sourceTree = "<group>"; };
		8E6D7FDA19ED9C4700ECA98C /* BFF.png */ = {isa = PBXFileReference; lastKnownFileType = image.png; path = BFF.png; sourceTree = "<group>"; };
		8E6D7FDB19ED9C4700ECA98C /* dagehtnochwas.png */ = {isa = PBXFileReference; lastKnownFileType = image.png; path = dagehtnochwas.png; sourceTree = "<group>"; };
		8E6D7FDD19ED9C4700ECA98C /* nicht_schlecht.png */ = {isa = PBXFileReference; lastKnownFileType = image.png; path = nicht_schlecht.png; sourceTree = "<group>"; };
		8E6D7FDE19ED9C4700ECA98C /* pfui.png */ = {isa = PBXFileReference; lastKnownFileType = image.png; path = pfui.png; sourceTree = "<group>"; };
		8E6D7FDF19ED9C4700ECA98C /* seelenverwandt.png */ = {isa = PBXFileReference; lastKnownFileType = image.png; path = seelenverwandt.png; sourceTree = "<group>"; };
		8E6D7FE019ED9C4700ECA98C /* unsterblicheliebe.png */ = {isa = PBXFileReference; lastKnownFileType = image.png; path = unsterblicheliebe.png; sourceTree = "<group>"; };
		8E6D7FE819EDA0C200ECA98C /* logoquer58x58.png */ = {isa = PBXFileReference; lastKnownFileType = image.png; path = logoquer58x58.png; sourceTree = "<group>"; };
		8E6D7FE919EDA0C200ECA98C /* logoquer80x80.png */ = {isa = PBXFileReference; lastKnownFileType = image.png; path = logoquer80x80.png; sourceTree = "<group>"; };
		8E6D7FEA19EDA0C200ECA98C /* logoquer87x87.png */ = {isa = PBXFileReference; lastKnownFileType = image.png; path = logoquer87x87.png; sourceTree = "<group>"; };
		8E6D7FEB19EDA0C200ECA98C /* logoquer120x120.png */ = {isa = PBXFileReference; lastKnownFileType = image.png; path = logoquer120x120.png; sourceTree = "<group>"; };
		8E6D7FEC19EDA0C200ECA98C /* logoquer180x180.png */ = {isa = PBXFileReference; lastKnownFileType = image.png; path = logoquer180x180.png; sourceTree = "<group>"; };
		8E907B7019F00CA400D0CBA8 /* QuizScene.swift */ = {isa = PBXFileReference; fileEncoding = 4; lastKnownFileType = sourcecode.swift; path = QuizScene.swift; sourceTree = "<group>"; };
		8E907B7219F0108200D0CBA8 /* Timer.swift */ = {isa = PBXFileReference; fileEncoding = 4; lastKnownFileType = sourcecode.swift; path = Timer.swift; sourceTree = "<group>"; };
		8E907B7419F016AC00D0CBA8 /* categoryList.txt */ = {isa = PBXFileReference; fileEncoding = 4; lastKnownFileType = text; path = categoryList.txt; sourceTree = "<group>"; };
		8EA8E97D19ED3A300078B23F /* Question.swift */ = {isa = PBXFileReference; fileEncoding = 4; lastKnownFileType = sourcecode.swift; path = Question.swift; sourceTree = "<group>"; };
		8EAB681E19EEDB3800232C2B /* kategorie_freundebuch.png */ = {isa = PBXFileReference; lastKnownFileType = image.png; path = kategorie_freundebuch.png; sourceTree = "<group>"; };
		8EAB681F19EEDB3800232C2B /* kategorie_liebesex.png */ = {isa = PBXFileReference; lastKnownFileType = image.png; path = kategorie_liebesex.png; sourceTree = "<group>"; };
		8EAB682019EEDB3800232C2B /* kategorie_lifestyle.png */ = {isa = PBXFileReference; lastKnownFileType = image.png; path = kategorie_lifestyle.png; sourceTree = "<group>"; };
		8EAB682119EEDB3800232C2B /* kategorie_unsinn.png */ = {isa = PBXFileReference; lastKnownFileType = image.png; path = kategorie_unsinn.png; sourceTree = "<group>"; };
		8EAB682219EEDB3800232C2B /* kategorie_weltweit.png */ = {isa = PBXFileReference; lastKnownFileType = image.png; path = kategorie_weltweit.png; sourceTree = "<group>"; };
		8EC010421A2397C600D26EAC /* Category.swift */ = {isa = PBXFileReference; fileEncoding = 4; lastKnownFileType = sourcecode.swift; path = Category.swift; sourceTree = "<group>"; };
		8ECC5A5219EFE642007AF135 /* ImpressumViewController.swift */ = {isa = PBXFileReference; fileEncoding = 4; lastKnownFileType = sourcecode.swift; path = ImpressumViewController.swift; sourceTree = "<group>"; };
		8ECC5A5419EFF9D6007AF135 /* MainViewController.swift */ = {isa = PBXFileReference; fileEncoding = 4; lastKnownFileType = sourcecode.swift; path = MainViewController.swift; sourceTree = "<group>"; };
		8ECC5A5619EFFCAE007AF135 /* anleitung.txt */ = {isa = PBXFileReference; fileEncoding = 4; lastKnownFileType = text; path = anleitung.txt; sourceTree = "<group>"; };
		8ECC5A5719EFFCAE007AF135 /* impressum.txt */ = {isa = PBXFileReference; fileEncoding = 4; lastKnownFileType = text; path = impressum.txt; sourceTree = "<group>"; };
		8ECC5A5A19EFFD0B007AF135 /* AnleitungViewController.swift */ = {isa = PBXFileReference; fileEncoding = 4; lastKnownFileType = sourcecode.swift; path = AnleitungViewController.swift; sourceTree = "<group>"; };
		8ED9B28C19ED2F6B00AAA7FE /* Quiz.swift */ = {isa = PBXFileReference; fileEncoding = 4; lastKnownFileType = sourcecode.swift; path = Quiz.swift; sourceTree = "<group>"; };
/* End PBXFileReference section */

/* Begin PBXFrameworksBuildPhase section */
		8E41A9F819EC554100494051 /* Frameworks */ = {
			isa = PBXFrameworksBuildPhase;
			buildActionMask = 2147483647;
			files = (
			);
			runOnlyForDeploymentPostprocessing = 0;
		};
		8E41AA0D19EC554200494051 /* Frameworks */ = {
			isa = PBXFrameworksBuildPhase;
			buildActionMask = 2147483647;
			files = (
			);
			runOnlyForDeploymentPostprocessing = 0;
		};
/* End PBXFrameworksBuildPhase section */

/* Begin PBXGroup section */
		8E41A9F219EC554100494051 = {
			isa = PBXGroup;
			children = (
				8E41A9FD19EC554200494051 /* PM1 */,
				8E41AA1319EC554200494051 /* PM1Tests */,
				8E41A9FC19EC554200494051 /* Products */,
			);
			sourceTree = "<group>";
		};
		8E41A9FC19EC554200494051 /* Products */ = {
			isa = PBXGroup;
			children = (
				8E41A9FB19EC554200494051 /* PM1.app */,
				8E41AA1019EC554200494051 /* PM1Tests.xctest */,
			);
			name = Products;
			sourceTree = "<group>";
		};
		8E41A9FD19EC554200494051 /* PM1 */ = {
			isa = PBXGroup;
			children = (
				8E41AA0019EC554200494051 /* AppDelegate.swift */,
				8E41AA0219EC554200494051 /* QuizViewController.swift */,
				8E907B7019F00CA400D0CBA8 /* QuizScene.swift */,
				8E907B7219F0108200D0CBA8 /* Timer.swift */,
				8ECC5A5419EFF9D6007AF135 /* MainViewController.swift */,
				8ECC5A5219EFE642007AF135 /* ImpressumViewController.swift */,
				8ECC5A5A19EFFD0B007AF135 /* AnleitungViewController.swift */,
				8E6D7FD819ED921000ECA98C /* ScoreViewController.swift */,
				8EA8E97D19ED3A300078B23F /* Question.swift */,
				8EC010421A2397C600D26EAC /* Category.swift */,
				8ED9B28C19ED2F6B00AAA7FE /* Quiz.swift */,
				8E41AA0419EC554200494051 /* Main.storyboard */,
				8E41AA0719EC554200494051 /* Images.xcassets */,
				8E41AA0919EC554200494051 /* LaunchScreen.xib */,
				8E6D7FD419ED75F400ECA98C /* questionList.txt */,
				8E6D7FDA19ED9C4700ECA98C /* BFF.png */,
				8E6D7FDB19ED9C4700ECA98C /* dagehtnochwas.png */,
				8E6D7FDD19ED9C4700ECA98C /* nicht_schlecht.png */,
				8E6D7FDE19ED9C4700ECA98C /* pfui.png */,
				8E6D7FDF19ED9C4700ECA98C /* seelenverwandt.png */,
				8E6D7FE019ED9C4700ECA98C /* unsterblicheliebe.png */,
				8E6D7FE819EDA0C200ECA98C /* logoquer58x58.png */,
				8E6D7FE919EDA0C200ECA98C /* logoquer80x80.png */,
				8E6D7FEA19EDA0C200ECA98C /* logoquer87x87.png */,
				8E6D7FEB19EDA0C200ECA98C /* logoquer120x120.png */,
				8E6D7FEC19EDA0C200ECA98C /* logoquer180x180.png */,
				8EAB681E19EEDB3800232C2B /* kategorie_freundebuch.png */,
				8EAB681F19EEDB3800232C2B /* kategorie_liebesex.png */,
				8EAB682019EEDB3800232C2B /* kategorie_lifestyle.png */,
				8EAB682119EEDB3800232C2B /* kategorie_unsinn.png */,
				8EAB682219EEDB3800232C2B /* kategorie_weltweit.png */,
				8ECC5A5619EFFCAE007AF135 /* anleitung.txt */,
				8ECC5A5719EFFCAE007AF135 /* impressum.txt */,
				8E907B7419F016AC00D0CBA8 /* categoryList.txt */,
				8E41A9FE19EC554200494051 /* Supporting Files */,
			);
			path = PM1;
			sourceTree = "<group>";
		};
		8E41A9FE19EC554200494051 /* Supporting Files */ = {
			isa = PBXGroup;
			children = (
				8E41A9FF19EC554200494051 /* Info.plist */,
			);
			name = "Supporting Files";
			sourceTree = "<group>";
		};
		8E41AA1319EC554200494051 /* PM1Tests */ = {
			isa = PBXGroup;
			children = (
				8E41AA1619EC554200494051 /* PM1Tests.swift */,
				8E41AA1419EC554200494051 /* Supporting Files */,
			);
			path = PM1Tests;
			sourceTree = "<group>";
		};
		8E41AA1419EC554200494051 /* Supporting Files */ = {
			isa = PBXGroup;
			children = (
				8E41AA1519EC554200494051 /* Info.plist */,
			);
			name = "Supporting Files";
			sourceTree = "<group>";
		};
/* End PBXGroup section */

/* Begin PBXNativeTarget section */
		8E41A9FA19EC554100494051 /* PM1 */ = {
			isa = PBXNativeTarget;
			buildConfigurationList = 8E41AA1A19EC554200494051 /* Build configuration list for PBXNativeTarget "PM1" */;
			buildPhases = (
				8E41A9F719EC554100494051 /* Sources */,
				8E41A9F819EC554100494051 /* Frameworks */,
				8E41A9F919EC554100494051 /* Resources */,
			);
			buildRules = (
			);
			dependencies = (
			);
			name = PM1;
			productName = PM1;
			productReference = 8E41A9FB19EC554200494051 /* PM1.app */;
			productType = "com.apple.product-type.application";
		};
		8E41AA0F19EC554200494051 /* PM1Tests */ = {
			isa = PBXNativeTarget;
			buildConfigurationList = 8E41AA1D19EC554200494051 /* Build configuration list for PBXNativeTarget "PM1Tests" */;
			buildPhases = (
				8E41AA0C19EC554200494051 /* Sources */,
				8E41AA0D19EC554200494051 /* Frameworks */,
				8E41AA0E19EC554200494051 /* Resources */,
			);
			buildRules = (
			);
			dependencies = (
				8E41AA1219EC554200494051 /* PBXTargetDependency */,
			);
			name = PM1Tests;
			productName = PM1Tests;
			productReference = 8E41AA1019EC554200494051 /* PM1Tests.xctest */;
			productType = "com.apple.product-type.bundle.unit-test";
		};
/* End PBXNativeTarget section */

/* Begin PBXProject section */
		8E41A9F319EC554100494051 /* Project object */ = {
			isa = PBXProject;
			attributes = {
				LastUpgradeCheck = 0600;
				ORGANIZATIONNAME = "PM Productions";
				TargetAttributes = {
					8E41A9FA19EC554100494051 = {
						CreatedOnToolsVersion = 6.0.1;
					};
					8E41AA0F19EC554200494051 = {
						CreatedOnToolsVersion = 6.0.1;
						TestTargetID = 8E41A9FA19EC554100494051;
					};
				};
			};
			buildConfigurationList = 8E41A9F619EC554100494051 /* Build configuration list for PBXProject "PM1" */;
			compatibilityVersion = "Xcode 3.2";
			developmentRegion = English;
			hasScannedForEncodings = 0;
			knownRegions = (
				en,
				Base,
			);
			mainGroup = 8E41A9F219EC554100494051;
			productRefGroup = 8E41A9FC19EC554200494051 /* Products */;
			projectDirPath = "";
			projectRoot = "";
			targets = (
				8E41A9FA19EC554100494051 /* PM1 */,
				8E41AA0F19EC554200494051 /* PM1Tests */,
			);
		};
/* End PBXProject section */

/* Begin PBXResourcesBuildPhase section */
		8E41A9F919EC554100494051 /* Resources */ = {
			isa = PBXResourcesBuildPhase;
			buildActionMask = 2147483647;
			files = (
				8E6D7FE419ED9C4700ECA98C /* nicht_schlecht.png in Resources */,
				8EAB682319EEDB3800232C2B /* kategorie_freundebuch.png in Resources */,
				8E41AA0619EC554200494051 /* Main.storyboard in Resources */,
				8E6D7FE719ED9C4700ECA98C /* unsterblicheliebe.png in Resources */,
				8E6D7FE519ED9C4700ECA98C /* pfui.png in Resources */,
				8E6D7FF019EDA0C200ECA98C /* logoquer120x120.png in Resources */,
				8EAB682419EEDB3800232C2B /* kategorie_liebesex.png in Resources */,
				8E41AA0B19EC554200494051 /* LaunchScreen.xib in Resources */,
				8E6D7FED19EDA0C200ECA98C /* logoquer58x58.png in Resources */,
				8E6D7FE219ED9C4700ECA98C /* dagehtnochwas.png in Resources */,
				8E6D7FEF19EDA0C200ECA98C /* logoquer87x87.png in Resources */,
				8EAB682619EEDB3800232C2B /* kategorie_unsinn.png in Resources */,
				8E6D7FE119ED9C4700ECA98C /* BFF.png in Resources */,
				8E6D7FD519ED75F400ECA98C /* questionList.txt in Resources */,
				8EAB682519EEDB3800232C2B /* kategorie_lifestyle.png in Resources */,
				8E6D7FE619ED9C4700ECA98C /* seelenverwandt.png in Resources */,
				8E907B7519F016AC00D0CBA8 /* categoryList.txt in Resources */,
				8EAB682719EEDB3800232C2B /* kategorie_weltweit.png in Resources */,
				8E6D7FEE19EDA0C200ECA98C /* logoquer80x80.png in Resources */,
				8E41AA0819EC554200494051 /* Images.xcassets in Resources */,
				8E6D7FF119EDA0C200ECA98C /* logoquer180x180.png in Resources */,
				8ECC5A5919EFFCAE007AF135 /* impressum.txt in Resources */,
				8ECC5A5819EFFCAE007AF135 /* anleitung.txt in Resources */,
			);
			runOnlyForDeploymentPostprocessing = 0;
		};
		8E41AA0E19EC554200494051 /* Resources */ = {
			isa = PBXResourcesBuildPhase;
			buildActionMask = 2147483647;
			files = (
			);
			runOnlyForDeploymentPostprocessing = 0;
		};
/* End PBXResourcesBuildPhase section */

/* Begin PBXSourcesBuildPhase section */
		8E41A9F719EC554100494051 /* Sources */ = {
			isa = PBXSourcesBuildPhase;
			buildActionMask = 2147483647;
			files = (
				8ECC5A5519EFF9D6007AF135 /* MainViewController.swift in Sources */,
				8ECC5A5319EFE642007AF135 /* ImpressumViewController.swift in Sources */,
				8E41AA0319EC554200494051 /* QuizViewController.swift in Sources */,
				8E907B7319F0108200D0CBA8 /* Timer.swift in Sources */,
				8EA8E97E19ED3A300078B23F /* Question.swift in Sources */,
				8E6D7FD919ED921000ECA98C /* ScoreViewController.swift in Sources */,
				8E907B7119F00CA400D0CBA8 /* QuizScene.swift in Sources */,
				8E41AA0119EC554200494051 /* AppDelegate.swift in Sources */,
				8ECC5A5B19EFFD0B007AF135 /* AnleitungViewController.swift in Sources */,
				8ED9B28D19ED2F6B00AAA7FE /* Quiz.swift in Sources */,
				8EC010431A2397C600D26EAC /* Category.swift in Sources */,
			);
			runOnlyForDeploymentPostprocessing = 0;
		};
		8E41AA0C19EC554200494051 /* Sources */ = {
			isa = PBXSourcesBuildPhase;
			buildActionMask = 2147483647;
			files = (
				8E41AA1719EC554200494051 /* PM1Tests.swift in Sources */,
			);
			runOnlyForDeploymentPostprocessing = 0;
		};
/* End PBXSourcesBuildPhase section */

/* Begin PBXTargetDependency section */
		8E41AA1219EC554200494051 /* PBXTargetDependency */ = {
			isa = PBXTargetDependency;
			target = 8E41A9FA19EC554100494051 /* PM1 */;
			targetProxy = 8E41AA1119EC554200494051 /* PBXContainerItemProxy */;
		};
/* End PBXTargetDependency section */

/* Begin PBXVariantGroup section */
		8E41AA0419EC554200494051 /* Main.storyboard */ = {
			isa = PBXVariantGroup;
			children = (
				8E41AA0519EC554200494051 /* Base */,
			);
			name = Main.storyboard;
			sourceTree = "<group>";
		};
		8E41AA0919EC554200494051 /* LaunchScreen.xib */ = {
			isa = PBXVariantGroup;
			children = (
				8E41AA0A19EC554200494051 /* Base */,
			);
			name = LaunchScreen.xib;
			sourceTree = "<group>";
		};
/* End PBXVariantGroup section */

/* Begin XCBuildConfiguration section */
		8E41AA1819EC554200494051 /* Debug */ = {
			isa = XCBuildConfiguration;
			buildSettings = {
				ALWAYS_SEARCH_USER_PATHS = NO;
				CLANG_CXX_LANGUAGE_STANDARD = "gnu++0x";
				CLANG_CXX_LIBRARY = "libc++";
				CLANG_ENABLE_MODULES = YES;
				CLANG_ENABLE_OBJC_ARC = YES;
				CLANG_WARN_BOOL_CONVERSION = YES;
				CLANG_WARN_CONSTANT_CONVERSION = YES;
				CLANG_WARN_DIRECT_OBJC_ISA_USAGE = YES_ERROR;
				CLANG_WARN_EMPTY_BODY = YES;
				CLANG_WARN_ENUM_CONVERSION = YES;
				CLANG_WARN_INT_CONVERSION = YES;
				CLANG_WARN_OBJC_ROOT_CLASS = YES_ERROR;
				CLANG_WARN_UNREACHABLE_CODE = YES;
				CLANG_WARN__DUPLICATE_METHOD_MATCH = YES;
				"CODE_SIGN_IDENTITY[sdk=iphoneos*]" = "iPhone Developer";
				COPY_PHASE_STRIP = NO;
				ENABLE_STRICT_OBJC_MSGSEND = YES;
				GCC_C_LANGUAGE_STANDARD = gnu99;
				GCC_DYNAMIC_NO_PIC = NO;
				GCC_OPTIMIZATION_LEVEL = 0;
				GCC_PREPROCESSOR_DEFINITIONS = (
					"DEBUG=1",
					"$(inherited)",
				);
				GCC_SYMBOLS_PRIVATE_EXTERN = NO;
				GCC_WARN_64_TO_32_BIT_CONVERSION = YES;
				GCC_WARN_ABOUT_RETURN_TYPE = YES_ERROR;
				GCC_WARN_UNDECLARED_SELECTOR = YES;
				GCC_WARN_UNINITIALIZED_AUTOS = YES_AGGRESSIVE;
				GCC_WARN_UNUSED_FUNCTION = YES;
				GCC_WARN_UNUSED_VARIABLE = YES;
				IPHONEOS_DEPLOYMENT_TARGET = 8.0;
				MTL_ENABLE_DEBUG_INFO = YES;
				ONLY_ACTIVE_ARCH = YES;
				SDKROOT = iphoneos;
				SWIFT_OPTIMIZATION_LEVEL = "-Onone";
			};
			name = Debug;
		};
		8E41AA1919EC554200494051 /* Release */ = {
			isa = XCBuildConfiguration;
			buildSettings = {
				ALWAYS_SEARCH_USER_PATHS = NO;
				CLANG_CXX_LANGUAGE_STANDARD = "gnu++0x";
				CLANG_CXX_LIBRARY = "libc++";
				CLANG_ENABLE_MODULES = YES;
				CLANG_ENABLE_OBJC_ARC = YES;
				CLANG_WARN_BOOL_CONVERSION = YES;
				CLANG_WARN_CONSTANT_CONVERSION = YES;
				CLANG_WARN_DIRECT_OBJC_ISA_USAGE = YES_ERROR;
				CLANG_WARN_EMPTY_BODY = YES;
				CLANG_WARN_ENUM_CONVERSION = YES;
				CLANG_WARN_INT_CONVERSION = YES;
				CLANG_WARN_OBJC_ROOT_CLASS = YES_ERROR;
				CLANG_WARN_UNREACHABLE_CODE = YES;
				CLANG_WARN__DUPLICATE_METHOD_MATCH = YES;
				"CODE_SIGN_IDENTITY[sdk=iphoneos*]" = "iPhone Developer";
				COPY_PHASE_STRIP = YES;
				ENABLE_NS_ASSERTIONS = NO;
				ENABLE_STRICT_OBJC_MSGSEND = YES;
				GCC_C_LANGUAGE_STANDARD = gnu99;
				GCC_WARN_64_TO_32_BIT_CONVERSION = YES;
				GCC_WARN_ABOUT_RETURN_TYPE = YES_ERROR;
				GCC_WARN_UNDECLARED_SELECTOR = YES;
				GCC_WARN_UNINITIALIZED_AUTOS = YES_AGGRESSIVE;
				GCC_WARN_UNUSED_FUNCTION = YES;
				GCC_WARN_UNUSED_VARIABLE = YES;
				IPHONEOS_DEPLOYMENT_TARGET = 8.0;
				MTL_ENABLE_DEBUG_INFO = NO;
				SDKROOT = iphoneos;
				VALIDATE_PRODUCT = YES;
			};
			name = Release;
		};
		8E41AA1B19EC554200494051 /* Debug */ = {
			isa = XCBuildConfiguration;
			buildSettings = {
				ASSETCATALOG_COMPILER_APPICON_NAME = AppIcon;
				INFOPLIST_FILE = PM1/Info.plist;
				LD_RUNPATH_SEARCH_PATHS = "$(inherited) @executable_path/Frameworks";
				PRODUCT_NAME = "$(TARGET_NAME)";
			};
			name = Debug;
		};
		8E41AA1C19EC554200494051 /* Release */ = {
			isa = XCBuildConfiguration;
			buildSettings = {
				ASSETCATALOG_COMPILER_APPICON_NAME = AppIcon;
				INFOPLIST_FILE = PM1/Info.plist;
				LD_RUNPATH_SEARCH_PATHS = "$(inherited) @executable_path/Frameworks";
				PRODUCT_NAME = "$(TARGET_NAME)";
			};
			name = Release;
		};
		8E41AA1E19EC554200494051 /* Debug */ = {
			isa = XCBuildConfiguration;
			buildSettings = {
				BUNDLE_LOADER = "$(TEST_HOST)";
				FRAMEWORK_SEARCH_PATHS = (
					"$(SDKROOT)/Developer/Library/Frameworks",
					"$(inherited)",
				);
				GCC_PREPROCESSOR_DEFINITIONS = (
					"DEBUG=1",
					"$(inherited)",
				);
				INFOPLIST_FILE = PM1Tests/Info.plist;
				LD_RUNPATH_SEARCH_PATHS = "$(inherited) @executable_path/Frameworks @loader_path/Frameworks";
				PRODUCT_NAME = "$(TARGET_NAME)";
				TEST_HOST = "$(BUILT_PRODUCTS_DIR)/PM1.app/PM1";
			};
			name = Debug;
		};
		8E41AA1F19EC554200494051 /* Release */ = {
			isa = XCBuildConfiguration;
			buildSettings = {
				BUNDLE_LOADER = "$(TEST_HOST)";
				FRAMEWORK_SEARCH_PATHS = (
					"$(SDKROOT)/Developer/Library/Frameworks",
					"$(inherited)",
				);
				INFOPLIST_FILE = PM1Tests/Info.plist;
				LD_RUNPATH_SEARCH_PATHS = "$(inherited) @executable_path/Frameworks @loader_path/Frameworks";
				PRODUCT_NAME = "$(TARGET_NAME)";
				TEST_HOST = "$(BUILT_PRODUCTS_DIR)/PM1.app/PM1";
			};
			name = Release;
		};
/* End XCBuildConfiguration section */

/* Begin XCConfigurationList section */
		8E41A9F619EC554100494051 /* Build configuration list for PBXProject "PM1" */ = {
			isa = XCConfigurationList;
			buildConfigurations = (
				8E41AA1819EC554200494051 /* Debug */,
				8E41AA1919EC554200494051 /* Release */,
			);
			defaultConfigurationIsVisible = 0;
			defaultConfigurationName = Release;
		};
		8E41AA1A19EC554200494051 /* Build configuration list for PBXNativeTarget "PM1" */ = {
			isa = XCConfigurationList;
			buildConfigurations = (
				8E41AA1B19EC554200494051 /* Debug */,
				8E41AA1C19EC554200494051 /* Release */,
			);
			defaultConfigurationIsVisible = 0;
			defaultConfigurationName = Release;
		};
		8E41AA1D19EC554200494051 /* Build configuration list for PBXNativeTarget "PM1Tests" */ = {
			isa = XCConfigurationList;
			buildConfigurations = (
				8E41AA1E19EC554200494051 /* Debug */,
				8E41AA1F19EC554200494051 /* Release */,
			);
			defaultConfigurationIsVisible = 0;
			defaultConfigurationName = Release;
		};
/* End XCConfigurationList section */
	};
	rootObject = 8E41A9F319EC554100494051 /* Project object */;
}
